// !$*UTF8*$!
{
	archiveVersion = 1;
	classes = {
	};
	objectVersion = 51;
	objects = {

/* Begin PBXBuildFile section */
		1C82A455C497F5BDFCDED326 /* Pods_LawQuizz.framework in Frameworks */ = {isa = PBXBuildFile; fileRef = CB668BB5CBAEA1FD4A6A132D /* Pods_LawQuizz.framework */; };
		F0442E6D240F0AE8000F8BFA /* SpartanMB-Bold.otf in Resources */ = {isa = PBXBuildFile; fileRef = F0442E6C240F0ABE000F8BFA /* SpartanMB-Bold.otf */; };
		F0442E6E240F0AEB000F8BFA /* SpartanMB-Regular.otf in Resources */ = {isa = PBXBuildFile; fileRef = F0442E6B240F0ABD000F8BFA /* SpartanMB-Regular.otf */; };
		F052EC23241101A00050C36A /* ScoreAlertViewController.swift in Sources */ = {isa = PBXBuildFile; fileRef = F052EC22241101A00050C36A /* ScoreAlertViewController.swift */; };
		F052EC2624113E3C0050C36A /* ViewShadowed.swift in Sources */ = {isa = PBXBuildFile; fileRef = F052EC2524113E3C0050C36A /* ViewShadowed.swift */; };
		F053656E240D1401007A5D89 /* String.swift in Sources */ = {isa = PBXBuildFile; fileRef = F053656D240D1401007A5D89 /* String.swift */; };
		F0536570240D1446007A5D89 /* AlertService.swift in Sources */ = {isa = PBXBuildFile; fileRef = F053656F240D1446007A5D89 /* AlertService.swift */; };
		F0536572240D14D6007A5D89 /* AlertViewController.swift in Sources */ = {isa = PBXBuildFile; fileRef = F0536571240D14D6007A5D89 /* AlertViewController.swift */; };
		F0536DB5241545C1006070C9 /* RankingViewController.swift in Sources */ = {isa = PBXBuildFile; fileRef = F0536DB4241545C1006070C9 /* RankingViewController.swift */; };
		F0536DB8241546A2006070C9 /* RankingCell.swift in Sources */ = {isa = PBXBuildFile; fileRef = F0536DB6241546A2006070C9 /* RankingCell.swift */; };
		F0536DB9241546A2006070C9 /* RankingCell.xib in Resources */ = {isa = PBXBuildFile; fileRef = F0536DB7241546A2006070C9 /* RankingCell.xib */; };
		F053D2FF240EFACD0090A1EB /* UIButton.swift in Sources */ = {isa = PBXBuildFile; fileRef = F053D2FE240EFACD0090A1EB /* UIButton.swift */; };
		F05749AD241263DE008ECD24 /* SummaryViewController.swift in Sources */ = {isa = PBXBuildFile; fileRef = F05749AC241263DE008ECD24 /* SummaryViewController.swift */; };
		F057BC3B2412A2760027B348 /* Double.swift in Sources */ = {isa = PBXBuildFile; fileRef = F057BC3A2412A2760027B348 /* Double.swift */; };
		F0580188240FC14B0040BA8B /* SignUpViewController.swift in Sources */ = {isa = PBXBuildFile; fileRef = F0580187240FC14B0040BA8B /* SignUpViewController.swift */; };
		F058018A240FC1810040BA8B /* LoginViewController.swift in Sources */ = {isa = PBXBuildFile; fileRef = F0580189240FC1810040BA8B /* LoginViewController.swift */; };
		F058018D240FC1E70040BA8B /* DocumentSerializableProtocol.swift in Sources */ = {isa = PBXBuildFile; fileRef = F058018C240FC1E70040BA8B /* DocumentSerializableProtocol.swift */; };
		F058018F240FC2120040BA8B /* Endpoint.swift in Sources */ = {isa = PBXBuildFile; fileRef = F058018E240FC2120040BA8B /* Endpoint.swift */; };
		F0580191240FC2380040BA8B /* AuthenticationService.swift in Sources */ = {isa = PBXBuildFile; fileRef = F0580190240FC2380040BA8B /* AuthenticationService.swift */; };
		F0580193240FC25F0040BA8B /* FirestoreService.swift in Sources */ = {isa = PBXBuildFile; fileRef = F0580192240FC25F0040BA8B /* FirestoreService.swift */; };
		F0580195240FC28A0040BA8B /* UIViewController.swift in Sources */ = {isa = PBXBuildFile; fileRef = F0580194240FC28A0040BA8B /* UIViewController.swift */; };
		F0580197240FC2B20040BA8B /* Question.swift in Sources */ = {isa = PBXBuildFile; fileRef = F0580196240FC2B20040BA8B /* Question.swift */; };
		F0580199240FC2D50040BA8B /* Profil.swift in Sources */ = {isa = PBXBuildFile; fileRef = F0580198240FC2D50040BA8B /* Profil.swift */; };
		F058019B240FC2F40040BA8B /* FirebaseStorageManager.swift in Sources */ = {isa = PBXBuildFile; fileRef = F058019A240FC2F40040BA8B /* FirebaseStorageManager.swift */; };
		F05BF8FB24150CEC00042936 /* Dictionary.swift in Sources */ = {isa = PBXBuildFile; fileRef = F05BF8FA24150CEC00042936 /* Dictionary.swift */; };
		F064DED3240E765B00E4CD4E /* HomeViewController.swift in Sources */ = {isa = PBXBuildFile; fileRef = F064DED2240E765B00E4CD4E /* HomeViewController.swift */; };
		F064DED5240E7AB800E4CD4E /* UIView.swift in Sources */ = {isa = PBXBuildFile; fileRef = F064DED4240E7AB800E4CD4E /* UIView.swift */; };
		F064DED7240E7DD700E4CD4E /* Colors.swift in Sources */ = {isa = PBXBuildFile; fileRef = F064DED6240E7DD700E4CD4E /* Colors.swift */; };
		F0AE716B240FD845002E5387 /* ProfileViewController.swift in Sources */ = {isa = PBXBuildFile; fileRef = F0AE716A240FD845002E5387 /* ProfileViewController.swift */; };
		F0D7B174240BE3B40088F03F /* AppDelegate.swift in Sources */ = {isa = PBXBuildFile; fileRef = F0D7B173240BE3B40088F03F /* AppDelegate.swift */; };
		F0D7B17B240BE3B40088F03F /* Main.storyboard in Resources */ = {isa = PBXBuildFile; fileRef = F0D7B179240BE3B40088F03F /* Main.storyboard */; };
		F0D7B17D240BE3B50088F03F /* Assets.xcassets in Resources */ = {isa = PBXBuildFile; fileRef = F0D7B17C240BE3B50088F03F /* Assets.xcassets */; };
		F0D7B180240BE3B50088F03F /* LaunchScreen.storyboard in Resources */ = {isa = PBXBuildFile; fileRef = F0D7B17E240BE3B50088F03F /* LaunchScreen.storyboard */; };
		F0D7B18A240BE4830088F03F /* GoogleService-Info.plist in Resources */ = {isa = PBXBuildFile; fileRef = F0D7B189240BE4830088F03F /* GoogleService-Info.plist */; };
		F0D7B18C240BE86F0088F03F /* GameViewController.swift in Sources */ = {isa = PBXBuildFile; fileRef = F0D7B18B240BE86F0088F03F /* GameViewController.swift */; };
/* End PBXBuildFile section */

/* Begin PBXFileReference section */
		3FC8693DAFDB3A68D0E726EE /* Pods-LawQuizz.debug.xcconfig */ = {isa = PBXFileReference; includeInIndex = 1; lastKnownFileType = text.xcconfig; name = "Pods-LawQuizz.debug.xcconfig"; path = "Target Support Files/Pods-LawQuizz/Pods-LawQuizz.debug.xcconfig"; sourceTree = "<group>"; };
		8DCBF854A4E6386CAD2F48F1 /* Pods-LawQuizz.release.xcconfig */ = {isa = PBXFileReference; includeInIndex = 1; lastKnownFileType = text.xcconfig; name = "Pods-LawQuizz.release.xcconfig"; path = "Target Support Files/Pods-LawQuizz/Pods-LawQuizz.release.xcconfig"; sourceTree = "<group>"; };
		CB668BB5CBAEA1FD4A6A132D /* Pods_LawQuizz.framework */ = {isa = PBXFileReference; explicitFileType = wrapper.framework; includeInIndex = 0; path = Pods_LawQuizz.framework; sourceTree = BUILT_PRODUCTS_DIR; };
		F0442E6B240F0ABD000F8BFA /* SpartanMB-Regular.otf */ = {isa = PBXFileReference; lastKnownFileType = file; path = "SpartanMB-Regular.otf"; sourceTree = "<group>"; };
		F0442E6C240F0ABE000F8BFA /* SpartanMB-Bold.otf */ = {isa = PBXFileReference; lastKnownFileType = file; path = "SpartanMB-Bold.otf"; sourceTree = "<group>"; };
		F052EC22241101A00050C36A /* ScoreAlertViewController.swift */ = {isa = PBXFileReference; lastKnownFileType = sourcecode.swift; path = ScoreAlertViewController.swift; sourceTree = "<group>"; };
		F052EC2524113E3C0050C36A /* ViewShadowed.swift */ = {isa = PBXFileReference; lastKnownFileType = sourcecode.swift; path = ViewShadowed.swift; sourceTree = "<group>"; };
		F053656D240D1401007A5D89 /* String.swift */ = {isa = PBXFileReference; lastKnownFileType = sourcecode.swift; path = String.swift; sourceTree = "<group>"; };
		F053656F240D1446007A5D89 /* AlertService.swift */ = {isa = PBXFileReference; lastKnownFileType = sourcecode.swift; path = AlertService.swift; sourceTree = "<group>"; };
		F0536571240D14D6007A5D89 /* AlertViewController.swift */ = {isa = PBXFileReference; lastKnownFileType = sourcecode.swift; path = AlertViewController.swift; sourceTree = "<group>"; };
		F0536DB4241545C1006070C9 /* RankingViewController.swift */ = {isa = PBXFileReference; lastKnownFileType = sourcecode.swift; path = RankingViewController.swift; sourceTree = "<group>"; };
		F0536DB6241546A2006070C9 /* RankingCell.swift */ = {isa = PBXFileReference; lastKnownFileType = sourcecode.swift; path = RankingCell.swift; sourceTree = "<group>"; };
		F0536DB7241546A2006070C9 /* RankingCell.xib */ = {isa = PBXFileReference; lastKnownFileType = file.xib; path = RankingCell.xib; sourceTree = "<group>"; };
		F053D2FE240EFACD0090A1EB /* UIButton.swift */ = {isa = PBXFileReference; lastKnownFileType = sourcecode.swift; path = UIButton.swift; sourceTree = "<group>"; };
		F05749AC241263DE008ECD24 /* SummaryViewController.swift */ = {isa = PBXFileReference; lastKnownFileType = sourcecode.swift; path = SummaryViewController.swift; sourceTree = "<group>"; };
		F057BC3A2412A2760027B348 /* Double.swift */ = {isa = PBXFileReference; lastKnownFileType = sourcecode.swift; path = Double.swift; sourceTree = "<group>"; };
		F0580187240FC14B0040BA8B /* SignUpViewController.swift */ = {isa = PBXFileReference; lastKnownFileType = sourcecode.swift; path = SignUpViewController.swift; sourceTree = "<group>"; };
		F0580189240FC1810040BA8B /* LoginViewController.swift */ = {isa = PBXFileReference; lastKnownFileType = sourcecode.swift; path = LoginViewController.swift; sourceTree = "<group>"; };
		F058018C240FC1E70040BA8B /* DocumentSerializableProtocol.swift */ = {isa = PBXFileReference; lastKnownFileType = sourcecode.swift; path = DocumentSerializableProtocol.swift; sourceTree = "<group>"; };
		F058018E240FC2120040BA8B /* Endpoint.swift */ = {isa = PBXFileReference; lastKnownFileType = sourcecode.swift; path = Endpoint.swift; sourceTree = "<group>"; };
		F0580190240FC2380040BA8B /* AuthenticationService.swift */ = {isa = PBXFileReference; lastKnownFileType = sourcecode.swift; path = AuthenticationService.swift; sourceTree = "<group>"; };
		F0580192240FC25F0040BA8B /* FirestoreService.swift */ = {isa = PBXFileReference; lastKnownFileType = sourcecode.swift; path = FirestoreService.swift; sourceTree = "<group>"; };
		F0580194240FC28A0040BA8B /* UIViewController.swift */ = {isa = PBXFileReference; lastKnownFileType = sourcecode.swift; path = UIViewController.swift; sourceTree = "<group>"; };
		F0580196240FC2B20040BA8B /* Question.swift */ = {isa = PBXFileReference; lastKnownFileType = sourcecode.swift; path = Question.swift; sourceTree = "<group>"; };
		F0580198240FC2D50040BA8B /* Profil.swift */ = {isa = PBXFileReference; lastKnownFileType = sourcecode.swift; path = Profil.swift; sourceTree = "<group>"; };
		F058019A240FC2F40040BA8B /* FirebaseStorageManager.swift */ = {isa = PBXFileReference; lastKnownFileType = sourcecode.swift; path = FirebaseStorageManager.swift; sourceTree = "<group>"; };
		F05BF8FA24150CEC00042936 /* Dictionary.swift */ = {isa = PBXFileReference; lastKnownFileType = sourcecode.swift; path = Dictionary.swift; sourceTree = "<group>"; };
		F064DED2240E765B00E4CD4E /* HomeViewController.swift */ = {isa = PBXFileReference; lastKnownFileType = sourcecode.swift; path = HomeViewController.swift; sourceTree = "<group>"; };
		F064DED4240E7AB800E4CD4E /* UIView.swift */ = {isa = PBXFileReference; lastKnownFileType = sourcecode.swift; path = UIView.swift; sourceTree = "<group>"; };
		F064DED6240E7DD700E4CD4E /* Colors.swift */ = {isa = PBXFileReference; lastKnownFileType = sourcecode.swift; path = Colors.swift; sourceTree = "<group>"; };
		F0AE716A240FD845002E5387 /* ProfileViewController.swift */ = {isa = PBXFileReference; lastKnownFileType = sourcecode.swift; path = ProfileViewController.swift; sourceTree = "<group>"; };
		F0D7B170240BE3B40088F03F /* LawQuizz.app */ = {isa = PBXFileReference; explicitFileType = wrapper.application; includeInIndex = 0; path = LawQuizz.app; sourceTree = BUILT_PRODUCTS_DIR; };
		F0D7B173240BE3B40088F03F /* AppDelegate.swift */ = {isa = PBXFileReference; lastKnownFileType = sourcecode.swift; path = AppDelegate.swift; sourceTree = "<group>"; };
		F0D7B17A240BE3B40088F03F /* Base */ = {isa = PBXFileReference; lastKnownFileType = file.storyboard; name = Base; path = Base.lproj/Main.storyboard; sourceTree = "<group>"; };
		F0D7B17C240BE3B50088F03F /* Assets.xcassets */ = {isa = PBXFileReference; lastKnownFileType = folder.assetcatalog; path = Assets.xcassets; sourceTree = "<group>"; };
		F0D7B17F240BE3B50088F03F /* Base */ = {isa = PBXFileReference; lastKnownFileType = file.storyboard; name = Base; path = Base.lproj/LaunchScreen.storyboard; sourceTree = "<group>"; };
		F0D7B181240BE3B50088F03F /* Info.plist */ = {isa = PBXFileReference; lastKnownFileType = text.plist.xml; path = Info.plist; sourceTree = "<group>"; };
		F0D7B189240BE4830088F03F /* GoogleService-Info.plist */ = {isa = PBXFileReference; fileEncoding = 4; lastKnownFileType = text.plist.xml; path = "GoogleService-Info.plist"; sourceTree = "<group>"; };
		F0D7B18B240BE86F0088F03F /* GameViewController.swift */ = {isa = PBXFileReference; lastKnownFileType = sourcecode.swift; path = GameViewController.swift; sourceTree = "<group>"; };
/* End PBXFileReference section */

/* Begin PBXFrameworksBuildPhase section */
		F0D7B16D240BE3B40088F03F /* Frameworks */ = {
			isa = PBXFrameworksBuildPhase;
			buildActionMask = 2147483647;
			files = (
				1C82A455C497F5BDFCDED326 /* Pods_LawQuizz.framework in Frameworks */,
			);
			runOnlyForDeploymentPostprocessing = 0;
		};
/* End PBXFrameworksBuildPhase section */

/* Begin PBXGroup section */
		45450F6DBD0563E81615BD3C /* Pods */ = {
			isa = PBXGroup;
			children = (
				3FC8693DAFDB3A68D0E726EE /* Pods-LawQuizz.debug.xcconfig */,
				8DCBF854A4E6386CAD2F48F1 /* Pods-LawQuizz.release.xcconfig */,
			);
			path = Pods;
			sourceTree = "<group>";
		};
		F052EC2424113E110050C36A /* View */ = {
			isa = PBXGroup;
			children = (
				F0D7B179240BE3B40088F03F /* Main.storyboard */,
				F0D7B17E240BE3B50088F03F /* LaunchScreen.storyboard */,
				F052EC2524113E3C0050C36A /* ViewShadowed.swift */,
				F0536DB6241546A2006070C9 /* RankingCell.swift */,
				F0536DB7241546A2006070C9 /* RankingCell.xib */,
			);
			path = View;
			sourceTree = "<group>";
		};
		F053656C240D13BB007A5D89 /* Extensions */ = {
			isa = PBXGroup;
			children = (
				F053656D240D1401007A5D89 /* String.swift */,
				F053656F240D1446007A5D89 /* AlertService.swift */,
				F064DED4240E7AB800E4CD4E /* UIView.swift */,
				F053D2FE240EFACD0090A1EB /* UIButton.swift */,
				F0580194240FC28A0040BA8B /* UIViewController.swift */,
				F057BC3A2412A2760027B348 /* Double.swift */,
				F05BF8FA24150CEC00042936 /* Dictionary.swift */,
			);
			path = Extensions;
			sourceTree = "<group>";
		};
		F058018B240FC1950040BA8B /* Authentication Controllers */ = {
			isa = PBXGroup;
			children = (
				F0580187240FC14B0040BA8B /* SignUpViewController.swift */,
				F0580189240FC1810040BA8B /* LoginViewController.swift */,
			);
			path = "Authentication Controllers";
			sourceTree = "<group>";
		};
		F058019C240FC34E0040BA8B /* Model */ = {
			isa = PBXGroup;
			children = (
				F058018C240FC1E70040BA8B /* DocumentSerializableProtocol.swift */,
				F058018E240FC2120040BA8B /* Endpoint.swift */,
				F0580190240FC2380040BA8B /* AuthenticationService.swift */,
				F0580192240FC25F0040BA8B /* FirestoreService.swift */,
				F0580196240FC2B20040BA8B /* Question.swift */,
				F0580198240FC2D50040BA8B /* Profil.swift */,
				F058019A240FC2F40040BA8B /* FirebaseStorageManager.swift */,
			);
			path = Model;
			sourceTree = "<group>";
		};
		F0D7B167240BE3B40088F03F = {
			isa = PBXGroup;
			children = (
				F0D7B172240BE3B40088F03F /* LawQuizz */,
				F0D7B171240BE3B40088F03F /* Products */,
				45450F6DBD0563E81615BD3C /* Pods */,
				F6FAB054E3F335EFD5968B4D /* Frameworks */,
			);
			sourceTree = "<group>";
		};
		F0D7B171240BE3B40088F03F /* Products */ = {
			isa = PBXGroup;
			children = (
				F0D7B170240BE3B40088F03F /* LawQuizz.app */,
			);
			name = Products;
			sourceTree = "<group>";
		};
		F0D7B172240BE3B40088F03F /* LawQuizz */ = {
			isa = PBXGroup;
			children = (
				F053656C240D13BB007A5D89 /* Extensions */,
				F052EC2424113E110050C36A /* View */,
				F0D7B17C240BE3B50088F03F /* Assets.xcassets */,
				F0D7B188240BE4270088F03F /* Supporting Files */,
				F0D7B18D240BE87A0088F03F /* Controller */,
				F064DED6240E7DD700E4CD4E /* Colors.swift */,
				F058019C240FC34E0040BA8B /* Model */,
			);
			path = LawQuizz;
			sourceTree = "<group>";
		};
		F0D7B188240BE4270088F03F /* Supporting Files */ = {
			isa = PBXGroup;
			children = (
				F0442E6C240F0ABE000F8BFA /* SpartanMB-Bold.otf */,
				F0442E6B240F0ABD000F8BFA /* SpartanMB-Regular.otf */,
				F0D7B181240BE3B50088F03F /* Info.plist */,
				F0D7B189240BE4830088F03F /* GoogleService-Info.plist */,
				F0D7B173240BE3B40088F03F /* AppDelegate.swift */,
			);
			path = "Supporting Files";
			sourceTree = "<group>";
		};
		F0D7B18D240BE87A0088F03F /* Controller */ = {
			isa = PBXGroup;
			children = (
				F0D7B18B240BE86F0088F03F /* GameViewController.swift */,
				F0536571240D14D6007A5D89 /* AlertViewController.swift */,
				F052EC22241101A00050C36A /* ScoreAlertViewController.swift */,
				F064DED2240E765B00E4CD4E /* HomeViewController.swift */,
				F0AE716A240FD845002E5387 /* ProfileViewController.swift */,
				F05749AC241263DE008ECD24 /* SummaryViewController.swift */,
				F0536DB4241545C1006070C9 /* RankingViewController.swift */,
				F058018B240FC1950040BA8B /* Authentication Controllers */,
			);
			path = Controller;
			sourceTree = "<group>";
		};
		F6FAB054E3F335EFD5968B4D /* Frameworks */ = {
			isa = PBXGroup;
			children = (
				CB668BB5CBAEA1FD4A6A132D /* Pods_LawQuizz.framework */,
			);
			name = Frameworks;
			sourceTree = "<group>";
		};
/* End PBXGroup section */

/* Begin PBXNativeTarget section */
		F0D7B16F240BE3B40088F03F /* LawQuizz */ = {
			isa = PBXNativeTarget;
			buildConfigurationList = F0D7B184240BE3B50088F03F /* Build configuration list for PBXNativeTarget "LawQuizz" */;
			buildPhases = (
				93475A8D66C10D393095CEDA /* [CP] Check Pods Manifest.lock */,
				F0D7B16C240BE3B40088F03F /* Sources */,
				F0D7B16D240BE3B40088F03F /* Frameworks */,
				F0D7B16E240BE3B40088F03F /* Resources */,
				580FB34131629E7290EA433D /* [CP] Embed Pods Frameworks */,
			);
			buildRules = (
			);
			dependencies = (
			);
			name = LawQuizz;
			productName = LawQuizz;
			productReference = F0D7B170240BE3B40088F03F /* LawQuizz.app */;
			productType = "com.apple.product-type.application";
		};
/* End PBXNativeTarget section */

/* Begin PBXProject section */
		F0D7B168240BE3B40088F03F /* Project object */ = {
			isa = PBXProject;
			attributes = {
				LastSwiftUpdateCheck = 1130;
				LastUpgradeCheck = 1130;
				ORGANIZATIONNAME = "Djilali Sakkar";
				TargetAttributes = {
					F0D7B16F240BE3B40088F03F = {
						CreatedOnToolsVersion = 11.3.1;
					};
				};
			};
			buildConfigurationList = F0D7B16B240BE3B40088F03F /* Build configuration list for PBXProject "LawQuizz" */;
			compatibilityVersion = "Xcode 9.3";
			developmentRegion = en;
			hasScannedForEncodings = 0;
			knownRegions = (
				en,
				Base,
			);
			mainGroup = F0D7B167240BE3B40088F03F;
			productRefGroup = F0D7B171240BE3B40088F03F /* Products */;
			projectDirPath = "";
			projectRoot = "";
			targets = (
				F0D7B16F240BE3B40088F03F /* LawQuizz */,
			);
		};
/* End PBXProject section */

/* Begin PBXResourcesBuildPhase section */
		F0D7B16E240BE3B40088F03F /* Resources */ = {
			isa = PBXResourcesBuildPhase;
			buildActionMask = 2147483647;
			files = (
				F0442E6D240F0AE8000F8BFA /* SpartanMB-Bold.otf in Resources */,
				F0536DB9241546A2006070C9 /* RankingCell.xib in Resources */,
				F0D7B180240BE3B50088F03F /* LaunchScreen.storyboard in Resources */,
				F0D7B18A240BE4830088F03F /* GoogleService-Info.plist in Resources */,
				F0442E6E240F0AEB000F8BFA /* SpartanMB-Regular.otf in Resources */,
				F0D7B17D240BE3B50088F03F /* Assets.xcassets in Resources */,
				F0D7B17B240BE3B40088F03F /* Main.storyboard in Resources */,
			);
			runOnlyForDeploymentPostprocessing = 0;
		};
/* End PBXResourcesBuildPhase section */

/* Begin PBXShellScriptBuildPhase section */
		580FB34131629E7290EA433D /* [CP] Embed Pods Frameworks */ = {
			isa = PBXShellScriptBuildPhase;
			buildActionMask = 2147483647;
			files = (
			);
			inputFileListPaths = (
				"${PODS_ROOT}/Target Support Files/Pods-LawQuizz/Pods-LawQuizz-frameworks-${CONFIGURATION}-input-files.xcfilelist",
			);
			name = "[CP] Embed Pods Frameworks";
			outputFileListPaths = (
				"${PODS_ROOT}/Target Support Files/Pods-LawQuizz/Pods-LawQuizz-frameworks-${CONFIGURATION}-output-files.xcfilelist",
			);
			runOnlyForDeploymentPostprocessing = 0;
			shellPath = /bin/sh;
			shellScript = "\"${PODS_ROOT}/Target Support Files/Pods-LawQuizz/Pods-LawQuizz-frameworks.sh\"\n";
			showEnvVarsInLog = 0;
		};
		93475A8D66C10D393095CEDA /* [CP] Check Pods Manifest.lock */ = {
			isa = PBXShellScriptBuildPhase;
			buildActionMask = 2147483647;
			files = (
			);
			inputFileListPaths = (
			);
			inputPaths = (
				"${PODS_PODFILE_DIR_PATH}/Podfile.lock",
				"${PODS_ROOT}/Manifest.lock",
			);
			name = "[CP] Check Pods Manifest.lock";
			outputFileListPaths = (
			);
			outputPaths = (
				"$(DERIVED_FILE_DIR)/Pods-LawQuizz-checkManifestLockResult.txt",
			);
			runOnlyForDeploymentPostprocessing = 0;
			shellPath = /bin/sh;
			shellScript = "diff \"${PODS_PODFILE_DIR_PATH}/Podfile.lock\" \"${PODS_ROOT}/Manifest.lock\" > /dev/null\nif [ $? != 0 ] ; then\n    # print error to STDERR\n    echo \"error: The sandbox is not in sync with the Podfile.lock. Run 'pod install' or update your CocoaPods installation.\" >&2\n    exit 1\nfi\n# This output is used by Xcode 'outputs' to avoid re-running this script phase.\necho \"SUCCESS\" > \"${SCRIPT_OUTPUT_FILE_0}\"\n";
			showEnvVarsInLog = 0;
		};
/* End PBXShellScriptBuildPhase section */

/* Begin PBXSourcesBuildPhase section */
		F0D7B16C240BE3B40088F03F /* Sources */ = {
			isa = PBXSourcesBuildPhase;
			buildActionMask = 2147483647;
			files = (
				F053656E240D1401007A5D89 /* String.swift in Sources */,
				F0580193240FC25F0040BA8B /* FirestoreService.swift in Sources */,
				F0AE716B240FD845002E5387 /* ProfileViewController.swift in Sources */,
				F058018D240FC1E70040BA8B /* DocumentSerializableProtocol.swift in Sources */,
				F052EC23241101A00050C36A /* ScoreAlertViewController.swift in Sources */,
				F0580197240FC2B20040BA8B /* Question.swift in Sources */,
				F064DED7240E7DD700E4CD4E /* Colors.swift in Sources */,
				F058018F240FC2120040BA8B /* Endpoint.swift in Sources */,
				F0D7B18C240BE86F0088F03F /* GameViewController.swift in Sources */,
				F0580199240FC2D50040BA8B /* Profil.swift in Sources */,
				F057BC3B2412A2760027B348 /* Double.swift in Sources */,
				F0536570240D1446007A5D89 /* AlertService.swift in Sources */,
				F0580188240FC14B0040BA8B /* SignUpViewController.swift in Sources */,
				F064DED5240E7AB800E4CD4E /* UIView.swift in Sources */,
				F0536572240D14D6007A5D89 /* AlertViewController.swift in Sources */,
				F0536DB5241545C1006070C9 /* RankingViewController.swift in Sources */,
				F0D7B174240BE3B40088F03F /* AppDelegate.swift in Sources */,
				F0536DB8241546A2006070C9 /* RankingCell.swift in Sources */,
				F064DED3240E765B00E4CD4E /* HomeViewController.swift in Sources */,
				F058019B240FC2F40040BA8B /* FirebaseStorageManager.swift in Sources */,
				F053D2FF240EFACD0090A1EB /* UIButton.swift in Sources */,
				F058018A240FC1810040BA8B /* LoginViewController.swift in Sources */,
				F052EC2624113E3C0050C36A /* ViewShadowed.swift in Sources */,
				F05BF8FB24150CEC00042936 /* Dictionary.swift in Sources */,
				F05749AD241263DE008ECD24 /* SummaryViewController.swift in Sources */,
				F0580195240FC28A0040BA8B /* UIViewController.swift in Sources */,
				F0580191240FC2380040BA8B /* AuthenticationService.swift in Sources */,
			);
			runOnlyForDeploymentPostprocessing = 0;
		};
/* End PBXSourcesBuildPhase section */

/* Begin PBXVariantGroup section */
		F0D7B179240BE3B40088F03F /* Main.storyboard */ = {
			isa = PBXVariantGroup;
			children = (
				F0D7B17A240BE3B40088F03F /* Base */,
			);
			name = Main.storyboard;
			sourceTree = "<group>";
		};
		F0D7B17E240BE3B50088F03F /* LaunchScreen.storyboard */ = {
			isa = PBXVariantGroup;
			children = (
				F0D7B17F240BE3B50088F03F /* Base */,
			);
			name = LaunchScreen.storyboard;
			sourceTree = "<group>";
		};
/* End PBXVariantGroup section */

/* Begin XCBuildConfiguration section */
		F0D7B182240BE3B50088F03F /* Debug */ = {
			isa = XCBuildConfiguration;
			buildSettings = {
				ALWAYS_SEARCH_USER_PATHS = NO;
				CLANG_ANALYZER_NONNULL = YES;
				CLANG_ANALYZER_NUMBER_OBJECT_CONVERSION = YES_AGGRESSIVE;
				CLANG_CXX_LANGUAGE_STANDARD = "gnu++14";
				CLANG_CXX_LIBRARY = "libc++";
				CLANG_ENABLE_MODULES = YES;
				CLANG_ENABLE_OBJC_ARC = YES;
				CLANG_ENABLE_OBJC_WEAK = YES;
				CLANG_WARN_BLOCK_CAPTURE_AUTORELEASING = YES;
				CLANG_WARN_BOOL_CONVERSION = YES;
				CLANG_WARN_COMMA = YES;
				CLANG_WARN_CONSTANT_CONVERSION = YES;
				CLANG_WARN_DEPRECATED_OBJC_IMPLEMENTATIONS = YES;
				CLANG_WARN_DIRECT_OBJC_ISA_USAGE = YES_ERROR;
				CLANG_WARN_DOCUMENTATION_COMMENTS = YES;
				CLANG_WARN_EMPTY_BODY = YES;
				CLANG_WARN_ENUM_CONVERSION = YES;
				CLANG_WARN_INFINITE_RECURSION = YES;
				CLANG_WARN_INT_CONVERSION = YES;
				CLANG_WARN_NON_LITERAL_NULL_CONVERSION = YES;
				CLANG_WARN_OBJC_IMPLICIT_RETAIN_SELF = YES;
				CLANG_WARN_OBJC_LITERAL_CONVERSION = YES;
				CLANG_WARN_OBJC_ROOT_CLASS = YES_ERROR;
				CLANG_WARN_RANGE_LOOP_ANALYSIS = YES;
				CLANG_WARN_STRICT_PROTOTYPES = YES;
				CLANG_WARN_SUSPICIOUS_MOVE = YES;
				CLANG_WARN_UNGUARDED_AVAILABILITY = YES_AGGRESSIVE;
				CLANG_WARN_UNREACHABLE_CODE = YES;
				CLANG_WARN__DUPLICATE_METHOD_MATCH = YES;
				COPY_PHASE_STRIP = NO;
				DEBUG_INFORMATION_FORMAT = dwarf;
				ENABLE_STRICT_OBJC_MSGSEND = YES;
				ENABLE_TESTABILITY = YES;
				GCC_C_LANGUAGE_STANDARD = gnu11;
				GCC_DYNAMIC_NO_PIC = NO;
				GCC_NO_COMMON_BLOCKS = YES;
				GCC_OPTIMIZATION_LEVEL = 0;
				GCC_PREPROCESSOR_DEFINITIONS = (
					"DEBUG=1",
					"$(inherited)",
				);
				GCC_WARN_64_TO_32_BIT_CONVERSION = YES;
				GCC_WARN_ABOUT_RETURN_TYPE = YES_ERROR;
				GCC_WARN_UNDECLARED_SELECTOR = YES;
				GCC_WARN_UNINITIALIZED_AUTOS = YES_AGGRESSIVE;
				GCC_WARN_UNUSED_FUNCTION = YES;
				GCC_WARN_UNUSED_VARIABLE = YES;
				IPHONEOS_DEPLOYMENT_TARGET = 12.4;
				MTL_ENABLE_DEBUG_INFO = INCLUDE_SOURCE;
				MTL_FAST_MATH = YES;
				ONLY_ACTIVE_ARCH = YES;
				SDKROOT = iphoneos;
				SWIFT_ACTIVE_COMPILATION_CONDITIONS = DEBUG;
				SWIFT_OPTIMIZATION_LEVEL = "-Onone";
			};
			name = Debug;
		};
		F0D7B183240BE3B50088F03F /* Release */ = {
			isa = XCBuildConfiguration;
			buildSettings = {
				ALWAYS_SEARCH_USER_PATHS = NO;
				CLANG_ANALYZER_NONNULL = YES;
				CLANG_ANALYZER_NUMBER_OBJECT_CONVERSION = YES_AGGRESSIVE;
				CLANG_CXX_LANGUAGE_STANDARD = "gnu++14";
				CLANG_CXX_LIBRARY = "libc++";
				CLANG_ENABLE_MODULES = YES;
				CLANG_ENABLE_OBJC_ARC = YES;
				CLANG_ENABLE_OBJC_WEAK = YES;
				CLANG_WARN_BLOCK_CAPTURE_AUTORELEASING = YES;
				CLANG_WARN_BOOL_CONVERSION = YES;
				CLANG_WARN_COMMA = YES;
				CLANG_WARN_CONSTANT_CONVERSION = YES;
				CLANG_WARN_DEPRECATED_OBJC_IMPLEMENTATIONS = YES;
				CLANG_WARN_DIRECT_OBJC_ISA_USAGE = YES_ERROR;
				CLANG_WARN_DOCUMENTATION_COMMENTS = YES;
				CLANG_WARN_EMPTY_BODY = YES;
				CLANG_WARN_ENUM_CONVERSION = YES;
				CLANG_WARN_INFINITE_RECURSION = YES;
				CLANG_WARN_INT_CONVERSION = YES;
				CLANG_WARN_NON_LITERAL_NULL_CONVERSION = YES;
				CLANG_WARN_OBJC_IMPLICIT_RETAIN_SELF = YES;
				CLANG_WARN_OBJC_LITERAL_CONVERSION = YES;
				CLANG_WARN_OBJC_ROOT_CLASS = YES_ERROR;
				CLANG_WARN_RANGE_LOOP_ANALYSIS = YES;
				CLANG_WARN_STRICT_PROTOTYPES = YES;
				CLANG_WARN_SUSPICIOUS_MOVE = YES;
				CLANG_WARN_UNGUARDED_AVAILABILITY = YES_AGGRESSIVE;
				CLANG_WARN_UNREACHABLE_CODE = YES;
				CLANG_WARN__DUPLICATE_METHOD_MATCH = YES;
				COPY_PHASE_STRIP = NO;
				DEBUG_INFORMATION_FORMAT = "dwarf-with-dsym";
				ENABLE_NS_ASSERTIONS = NO;
				ENABLE_STRICT_OBJC_MSGSEND = YES;
				GCC_C_LANGUAGE_STANDARD = gnu11;
				GCC_NO_COMMON_BLOCKS = YES;
				GCC_WARN_64_TO_32_BIT_CONVERSION = YES;
				GCC_WARN_ABOUT_RETURN_TYPE = YES_ERROR;
				GCC_WARN_UNDECLARED_SELECTOR = YES;
				GCC_WARN_UNINITIALIZED_AUTOS = YES_AGGRESSIVE;
				GCC_WARN_UNUSED_FUNCTION = YES;
				GCC_WARN_UNUSED_VARIABLE = YES;
				IPHONEOS_DEPLOYMENT_TARGET = 12.4;
				MTL_ENABLE_DEBUG_INFO = NO;
				MTL_FAST_MATH = YES;
				SDKROOT = iphoneos;
				SWIFT_COMPILATION_MODE = wholemodule;
				SWIFT_OPTIMIZATION_LEVEL = "-O";
				VALIDATE_PRODUCT = YES;
			};
			name = Release;
		};
		F0D7B185240BE3B50088F03F /* Debug */ = {
			isa = XCBuildConfiguration;
			baseConfigurationReference = 3FC8693DAFDB3A68D0E726EE /* Pods-LawQuizz.debug.xcconfig */;
			buildSettings = {
				ASSETCATALOG_COMPILER_APPICON_NAME = AppIcon;
				CODE_SIGN_STYLE = Automatic;
				DEVELOPMENT_TEAM = NBSSU42XDA;
				INFOPLIST_FILE = "$(SRCROOT)/LawQuizz/Supporting Files/Info.plist";
				LD_RUNPATH_SEARCH_PATHS = (
					"$(inherited)",
					"@executable_path/Frameworks",
				);
				PRODUCT_BUNDLE_IDENTIFIER = fr.djilalisakkar.LawQuizz;
				PRODUCT_NAME = "$(TARGET_NAME)";
				SWIFT_VERSION = 5.0;
				TARGETED_DEVICE_FAMILY = 1;
			};
			name = Debug;
		};
		F0D7B186240BE3B50088F03F /* Release */ = {
			isa = XCBuildConfiguration;
			baseConfigurationReference = 8DCBF854A4E6386CAD2F48F1 /* Pods-LawQuizz.release.xcconfig */;
			buildSettings = {
				ASSETCATALOG_COMPILER_APPICON_NAME = AppIcon;
				CODE_SIGN_STYLE = Automatic;
				DEVELOPMENT_TEAM = NBSSU42XDA;
				INFOPLIST_FILE = "$(SRCROOT)/LawQuizz/Supporting Files/Info.plist";
				LD_RUNPATH_SEARCH_PATHS = (
					"$(inherited)",
					"@executable_path/Frameworks",
				);
				PRODUCT_BUNDLE_IDENTIFIER = fr.djilalisakkar.LawQuizz;
				PRODUCT_NAME = "$(TARGET_NAME)";
				SWIFT_VERSION = 5.0;
				TARGETED_DEVICE_FAMILY = 1;
			};
			name = Release;
		};
/* End XCBuildConfiguration section */

/* Begin XCConfigurationList section */
		F0D7B16B240BE3B40088F03F /* Build configuration list for PBXProject "LawQuizz" */ = {
			isa = XCConfigurationList;
			buildConfigurations = (
				F0D7B182240BE3B50088F03F /* Debug */,
				F0D7B183240BE3B50088F03F /* Release */,
			);
			defaultConfigurationIsVisible = 0;
			defaultConfigurationName = Release;
		};
		F0D7B184240BE3B50088F03F /* Build configuration list for PBXNativeTarget "LawQuizz" */ = {
			isa = XCConfigurationList;
			buildConfigurations = (
				F0D7B185240BE3B50088F03F /* Debug */,
				F0D7B186240BE3B50088F03F /* Release */,
			);
			defaultConfigurationIsVisible = 0;
			defaultConfigurationName = Release;
		};
/* End XCConfigurationList section */
	};
	rootObject = F0D7B168240BE3B40088F03F /* Project object */;
}
